
Microsoft Visual Studio Solution File, Format Version 12.00
# Visual Studio Version 16
VisualStudioVersion = 16.0.29326.143
MinimumVisualStudioVersion = 10.0.40219.1
Project("{E24C65DC-7377-472B-9ABA-BC803B73C61A}") = "http://192.168.1.122", "http://192.168.1.122", "{B8BA8CE7-1DE8-4857-9962-9E6309F00090}"
	ProjectSection(WebsiteProperties) = preProject
		UseIISExpress = "false"
		TargetFrameworkMoniker = ".NETFramework,Version%3Dv4.6.1"
		Debug.AspNetCompiler.VirtualPath = "/192.168.1.122"
		Debug.AspNetCompiler.PhysicalPath = "..\twts_124_go-crepe\"
		Debug.AspNetCompiler.TargetPath = "PrecompiledWeb\192.168.1.122\"
		Debug.AspNetCompiler.Updateable = "true"
		Debug.AspNetCompiler.ForceOverwrite = "true"
		Debug.AspNetCompiler.FixedNames = "false"
		Debug.AspNetCompiler.Debug = "True"
		Release.AspNetCompiler.VirtualPath = "/192.168.1.122"
		Release.AspNetCompiler.PhysicalPath = "..\twts_124_go-crepe\"
		Release.AspNetCompiler.TargetPath = "PrecompiledWeb\192.168.1.122\"
		Release.AspNetCompiler.Updateable = "true"
		Release.AspNetCompiler.ForceOverwrite = "true"
		Release.AspNetCompiler.FixedNames = "false"
		Release.AspNetCompiler.Debug = "False"
		SlnRelativePath = "..\twts_124_go-crepe\"
	EndProjectSection
EndProject
Global
	GlobalSection(SolutionConfigurationPlatforms) = preSolution
		Debug|Any CPU = Debug|Any CPU
	EndGlobalSection
	GlobalSection(ProjectConfigurationPlatforms) = postSolution
		{B8BA8CE7-1DE8-4857-9962-9E6309F00090}.Debug|Any CPU.ActiveCfg = Debug|Any CPU
		{B8BA8CE7-1DE8-4857-9962-9E6309F00090}.Debug|Any CPU.Build.0 = Debug|Any CPU
	EndGlobalSection
	GlobalSection(SolutionProperties) = preSolution
		HideSolutionNode = FALSE
	EndGlobalSection
	GlobalSection(ExtensibilityGlobals) = postSolution
		SolutionGuid = {329A24CC-276E-49DD-8E8B-DFEA0BBA6044}
	EndGlobalSection
EndGlobal
